
Microsoft Visual Studio Solution File, Format Version 12.00
# Visual Studio 2012
Project("{FAE04EC0-301F-11D3-BF4B-00C04F79EFBC}") = "Terrapass.GameAi.Goap", "Goap\Terrapass.GameAi.Goap.csproj", "{77FE96E8-B07B-4820-8B5B-56A3DCF21B7F}"
EndProject
Global
	GlobalSection(SolutionConfigurationPlatforms) = preSolution
		Debug|Any CPU = Debug|Any CPU
		Release|Any CPU = Release|Any CPU
	EndGlobalSection
	GlobalSection(ProjectConfigurationPlatforms) = postSolution
		{77FE96E8-B07B-4820-8B5B-56A3DCF21B7F}.Debug|Any CPU.ActiveCfg = Debug|Any CPU
		{77FE96E8-B07B-4820-8B5B-56A3DCF21B7F}.Debug|Any CPU.Build.0 = Debug|Any CPU
		{77FE96E8-B07B-4820-8B5B-56A3DCF21B7F}.Release|Any CPU.ActiveCfg = Release|Any CPU
		{77FE96E8-B07B-4820-8B5B-56A3DCF21B7F}.Release|Any CPU.Build.0 = Release|Any CPU
	EndGlobalSection
EndGlobal
